
Microsoft Visual Studio Solution File, Format Version 11.00
# Visual Studio 2010
Project("{8BC9CEB8-8B4A-11D0-8D11-00A0C91BC942}") = "Subdivisions", "Subdivisions\Subdivisions.vcxproj", "{A5B40869-9EA3-4AA2-8B7B-E156A9C60AAA}"
EndProject
Project("{8BC9CEB8-8B4A-11D0-8D11-00A0C91BC942}") = "Hasnor_Utils", "%HASNOR_LIBS_PATH%\Hasnor_Utils\Hasnor_Utils.vcxproj", "{9B213836-DAC9-4C0A-83E0-54C218514F43}"
EndProject
Project("{8BC9CEB8-8B4A-11D0-8D11-00A0C91BC942}") = "Hasnor_Engine", "%HASNOR_LIBS_PATH%\Hasnor_Engine\Hasnor_Engine.vcxproj", "{453F4A57-04CA-445E-B270-1A0CBF17DDB3}"
EndProject
Project("{8BC9CEB8-8B4A-11D0-8D11-00A0C91BC942}") = "Hasnor_Interface", "%HASNOR_LIBS_PATH%\Hasnor_Interface\Hasnor_Interface.vcxproj", "{CF76D548-EAE5-4185-9F7B-F959D918DF9F}"
EndProject
Global
	GlobalSection(SolutionConfigurationPlatforms) = preSolution
		Debug|Win32 = Debug|Win32
		Release|Win32 = Release|Win32
	EndGlobalSection
	GlobalSection(ProjectConfigurationPlatforms) = postSolution
		{A5B40869-9EA3-4AA2-8B7B-E156A9C60AAA}.Debug|Win32.ActiveCfg = Debug|Win32
		{A5B40869-9EA3-4AA2-8B7B-E156A9C60AAA}.Debug|Win32.Build.0 = Debug|Win32
		{A5B40869-9EA3-4AA2-8B7B-E156A9C60AAA}.Release|Win32.ActiveCfg = Release|Win32
		{A5B40869-9EA3-4AA2-8B7B-E156A9C60AAA}.Release|Win32.Build.0 = Release|Win32
		{9B213836-DAC9-4C0A-83E0-54C218514F43}.Debug|Win32.ActiveCfg = Debug|Win32
		{9B213836-DAC9-4C0A-83E0-54C218514F43}.Debug|Win32.Build.0 = Debug|Win32
		{9B213836-DAC9-4C0A-83E0-54C218514F43}.Release|Win32.ActiveCfg = Release|Win32
		{9B213836-DAC9-4C0A-83E0-54C218514F43}.Release|Win32.Build.0 = Release|Win32
		{453F4A57-04CA-445E-B270-1A0CBF17DDB3}.Debug|Win32.ActiveCfg = Debug|Win32
		{453F4A57-04CA-445E-B270-1A0CBF17DDB3}.Debug|Win32.Build.0 = Debug|Win32
		{453F4A57-04CA-445E-B270-1A0CBF17DDB3}.Release|Win32.ActiveCfg = Release|Win32
		{453F4A57-04CA-445E-B270-1A0CBF17DDB3}.Release|Win32.Build.0 = Release|Win32
		{CF76D548-EAE5-4185-9F7B-F959D918DF9F}.Debug|Win32.ActiveCfg = Debug|Win32
		{CF76D548-EAE5-4185-9F7B-F959D918DF9F}.Debug|Win32.Build.0 = Debug|Win32
		{CF76D548-EAE5-4185-9F7B-F959D918DF9F}.Release|Win32.ActiveCfg = Release|Win32
		{CF76D548-EAE5-4185-9F7B-F959D918DF9F}.Release|Win32.Build.0 = Release|Win32
	EndGlobalSection
	GlobalSection(SolutionProperties) = preSolution
		HideSolutionNode = FALSE
	EndGlobalSection
EndGlobal
